<?xml version="1.0" encoding="utf-8"?>
<Project ToolsVersion="4.0" xmlns="http://schemas.microsoft.com/developer/msbuild/2003">
  <ItemGroup>
    <Filter Include="Source Files">
      <UniqueIdentifier>{1c808773-8394-471e-94ff-b3893d04ff17}</UniqueIdentifier>
      <Extensions>.c;.cpp</Extensions>
    </Filter>
    <Filter Include="Header Files">
      <UniqueIdentifier>{75d49f81-5815-406e-b5d4-f86596d8cb4e}</UniqueIdentifier>
      <Extensions>.h</Extensions>
    </Filter>
  </ItemGroup>
  <ItemGroup>
    <ClCompile Include="..\natDrvCommon\drvio.c">
      <Filter>Source Files</Filter>
    </ClCompile>
    <ClCompile Include="drvio.c">
      <Filter>Source Files</Filter>
    </ClCompile>
    <ClCompile Include="filter.c">
      <Filter>Source Files</Filter>
    </ClCompile>
    <ClCompile Include="..\natDrvCommon\firewall.c">
      <Filter>Source Files</Filter>
    </ClCompile>
    <ClCompile Include="..\natDrvCommon\log.c">
      <Filter>Source Files</Filter>
    </ClCompile>
    <ClCompile Include="miniport.c">
      <Filter>Source Files</Filter>
    </ClCompile>
    <ClCompile Include="..\natDrvCommon\parse.c">
      <Filter>Source Files</Filter>
    </ClCompile>
    <ClCompile Include="parse.c">
      <Filter>Source Files</Filter>
    </ClCompile>
    <ClCompile Include="protocol.c">
      <Filter>Source Files</Filter>
    </ClCompile>
    <ClCompile Include="translate.c">
      <Filter>Source Files</Filter>
    </ClCompile>
    <ClCompile Include="..\natDrvCommon\translate.c">
      <Filter>Source Files</Filter>
    </ClCompile>
  </ItemGroup>
  <ItemGroup>
    <ClInclude Include="filter.h">
      <Filter>Header Files</Filter>
    </ClInclude>
    <ClInclude Include="..\natDrvCommon\natdrvio.h">
      <Filter>Header Files</Filter>
    </ClInclude>
    <ClInclude Include="..\natDrvCommon\natstruct.h">
      <Filter>Header Files</Filter>
    </ClInclude>
    <ClInclude Include="..\natDrvCommon\pkt.h">
      <Filter>Header Files</Filter>
    </ClInclude>
    <ClInclude Include="precomp.h">
      <Filter>Header Files</Filter>
    </ClInclude>
    <ClInclude Include="..\natDrvCommon\protos.h">
      <Filter>Header Files</Filter>
    </ClInclude>
  </ItemGroup>
  <ItemGroup>
    <None Include="sources" />
  </ItemGroup>
</Project>